<?xml version="1.0" encoding="utf-8"?>
<Project ToolsVersion="4.0" xmlns="http://schemas.microsoft.com/developer/msbuild/2003">
  <ItemGroup>
    <Filter Include="소스 파일">
      <UniqueIdentifier>{4FC737F1-C7A5-4376-A066-2A32D752A2FF}</UniqueIdentifier>
      <Extensions>cpp;c;cc;cxx;c++;cppm;ixx;def;odl;idl;hpj;bat;asm;asmx</Extensions>
    </Filter>
    <Filter Include="헤더 파일">
      <UniqueIdentifier>{93995380-89BD-4b04-88EB-625FBE52EBFB}</UniqueIdentifier>
      <Extensions>h;hh;hpp;hxx;h++;hm;inl;inc;ipp;xsd</Extensions>
    </Filter>
    <Filter Include="리소스 파일">
      <UniqueIdentifier>{67DA6AB6-F800-4c08-8B7A-83BB121AAD01}</UniqueIdentifier>
      <Extensions>rc;ico;cur;bmp;dlg;rc2;rct;bin;rgs;gif;jpg;jpeg;jpe;resx;tiff;tif;png;wav;mfcribbon-ms</Extensions>
    </Filter>
    <Filter Include="헤더 파일\Graphics">
      <UniqueIdentifier>{fcb35106-49d4-4b0d-849b-c44a48db432b}</UniqueIdentifier>
    </Filter>
    <Filter Include="소스 파일\Graphics">
      <UniqueIdentifier>{b854b36f-87c0-47f3-a7ad-f66e93d42bee}</UniqueIdentifier>
    </Filter>
    <Filter Include="헤더 파일\Utils">
      <UniqueIdentifier>{2c1c9ef5-e208-4636-8d06-36938811ca4b}</UniqueIdentifier>
    </Filter>
    <Filter Include="소스 파일\Utils">
      <UniqueIdentifier>{a913089c-7f45-4f20-bd21-fe8a1242499c}</UniqueIdentifier>
    </Filter>
    <Filter Include="소스 파일\Objects">
      <UniqueIdentifier>{22399306-96e4-4750-9426-af7e4e89b8d2}</UniqueIdentifier>
    </Filter>
    <Filter Include="헤더 파일\Objects">
      <UniqueIdentifier>{22350ee5-aec2-4a68-be07-a381f22e48dc}</UniqueIdentifier>
    </Filter>
    <Filter Include="헤더 파일\Physics">
      <UniqueIdentifier>{fa32f1d2-3aad-4f30-8a9d-53bf3448ebdb}</UniqueIdentifier>
    </Filter>
    <Filter Include="소스 파일\Objects\Components">
      <UniqueIdentifier>{d82bb58c-2a6c-495f-9a35-3a8210e36c10}</UniqueIdentifier>
    </Filter>
    <Filter Include="소스 파일\Objects\Components\Model">
      <UniqueIdentifier>{f68b8b34-3070-4790-9c49-122b0042efbf}</UniqueIdentifier>
    </Filter>
    <Filter Include="소스 파일\Utils\Window">
      <UniqueIdentifier>{4dc774fc-c8fe-4748-8920-47a303725990}</UniqueIdentifier>
    </Filter>
    <Filter Include="소스 파일\Utils\Window\ImGui">
      <UniqueIdentifier>{31e43b80-6036-4eb5-abbf-31c7f00d8f9e}</UniqueIdentifier>
    </Filter>
    <Filter Include="소스 파일\Physics">
      <UniqueIdentifier>{1c67c4e7-4ead-4d2a-9232-25378ef7cb3b}</UniqueIdentifier>
    </Filter>
    <Filter Include="헤더 파일\Objects\Components">
      <UniqueIdentifier>{301e571b-8d86-4724-a22d-88f5748d771e}</UniqueIdentifier>
    </Filter>
    <Filter Include="헤더 파일\Objects\Components\Model">
      <UniqueIdentifier>{14f0eb25-acbb-4921-ae6b-a072c0d4ff94}</UniqueIdentifier>
    </Filter>
    <Filter Include="헤더 파일\Utils\Window">
      <UniqueIdentifier>{ee0062b4-9df3-4136-9f9c-f99453ba207c}</UniqueIdentifier>
    </Filter>
    <Filter Include="헤더 파일\Utils\Window\ImGui">
      <UniqueIdentifier>{ac2ac5cb-f07a-4067-a268-5ea2b9c02149}</UniqueIdentifier>
    </Filter>
  </ItemGroup>
  <ItemGroup>
    <ClCompile Include="Engine.cpp">
      <Filter>소스 파일</Filter>
    </ClCompile>
    <ClCompile Include="Graphics\Shaders.cpp">
      <Filter>소스 파일\Graphics</Filter>
    </ClCompile>
    <ClCompile Include="Graphics\ImGui\imgui.cpp">
      <Filter>소스 파일\Utils\Window\ImGui</Filter>
    </ClCompile>
    <ClCompile Include="Graphics\ImGui\imgui_draw.cpp">
      <Filter>소스 파일\Utils\Window\ImGui</Filter>
    </ClCompile>
    <ClCompile Include="Graphics\ImGui\imgui_impl_dx11.cpp">
      <Filter>소스 파일\Utils\Window\ImGui</Filter>
    </ClCompile>
    <ClCompile Include="Graphics\ImGui\imgui_impl_win32.cpp">
      <Filter>소스 파일\Utils\Window\ImGui</Filter>
    </ClCompile>
    <ClCompile Include="Graphics\ImGui\imgui_tables.cpp">
      <Filter>소스 파일\Utils\Window\ImGui</Filter>
    </ClCompile>
    <ClCompile Include="Graphics\ImGui\imgui_widgets.cpp">
      <Filter>소스 파일\Utils\Window\ImGui</Filter>
    </ClCompile>
    <ClCompile Include="Graphics\Color.cpp">
      <Filter>소스 파일\Graphics</Filter>
    </ClCompile>
    <ClCompile Include="Utils\ErrorLogger.cpp">
      <Filter>소스 파일\Utils</Filter>
    </ClCompile>
    <ClCompile Include="Utils\StringHelper.cpp">
      <Filter>소스 파일\Utils</Filter>
    </ClCompile>
    <ClCompile Include="Utils\Timer.cpp">
      <Filter>소스 파일\Utils</Filter>
    </ClCompile>
    <ClCompile Include="Graphics\Actor.cpp">
      <Filter>소스 파일\Objects</Filter>
    </ClCompile>
    <ClCompile Include="Graphics\Camera.cpp">
      <Filter>소스 파일\Objects</Filter>
    </ClCompile>
    <ClCompile Include="Graphics\Light.cpp">
      <Filter>소스 파일\Objects</Filter>
    </ClCompile>
    <ClCompile Include="Graphics\Object.cpp">
      <Filter>소스 파일\Objects</Filter>
    </ClCompile>
    <ClCompile Include="Graphics\Transform.cpp">
      <Filter>소스 파일\Objects\Components</Filter>
    </ClCompile>
    <ClCompile Include="Graphics\Rigidbody.cpp">
      <Filter>소스 파일\Objects\Components</Filter>
    </ClCompile>
    <ClCompile Include="Graphics\Collision.cpp">
      <Filter>소스 파일\Physics</Filter>
    </ClCompile>
    <ClCompile Include="Graphics\Contact.cpp">
      <Filter>소스 파일\Physics</Filter>
    </ClCompile>
    <ClCompile Include="Graphics\PhysicsManager.cpp">
      <Filter>소스 파일\Physics</Filter>
    </ClCompile>
    <ClCompile Include="Graphics\Collider.cpp">
      <Filter>소스 파일\Objects\Components</Filter>
    </ClCompile>
    <ClCompile Include="main.cpp">
      <Filter>소스 파일</Filter>
    </ClCompile>
    <ClCompile Include="Graphics\Model.cpp">
      <Filter>소스 파일\Objects\Components\Model</Filter>
    </ClCompile>
    <ClCompile Include="Graphics\Mesh.cpp">
      <Filter>소스 파일\Objects\Components\Model</Filter>
    </ClCompile>
    <ClCompile Include="Graphics\Texture.cpp">
      <Filter>소스 파일\Objects\Components\Model</Filter>
    </ClCompile>
    <ClCompile Include="Utils\WIndow\Keyboard.cpp">
      <Filter>소스 파일\Utils\Window</Filter>
    </ClCompile>
    <ClCompile Include="Utils\WIndow\KeyboardEvent.cpp">
      <Filter>소스 파일\Utils\Window</Filter>
    </ClCompile>
    <ClCompile Include="Utils\WIndow\Mouse.cpp">
      <Filter>소스 파일\Utils\Window</Filter>
    </ClCompile>
    <ClCompile Include="Utils\WIndow\MouseEvent.cpp">
      <Filter>소스 파일\Utils\Window</Filter>
    </ClCompile>
    <ClCompile Include="Utils\WIndow\Window.cpp">
      <Filter>소스 파일\Utils\Window</Filter>
    </ClCompile>
    <ClCompile Include="Utils\WIndow\WindowManager.cpp">
      <Filter>소스 파일\Utils\Window</Filter>
    </ClCompile>
  </ItemGroup>
  <ItemGroup>
    <ClInclude Include="Engine.h">
      <Filter>헤더 파일</Filter>
    </ClInclude>
    <ClInclude Include="Graphics\Shaders.h">
      <Filter>헤더 파일\Graphics</Filter>
    </ClInclude>
    <ClInclude Include="Graphics\VertexBuffer.h">
      <Filter>헤더 파일\Graphics</Filter>
    </ClInclude>
    <ClInclude Include="Graphics\IndexBuffer.h">
      <Filter>헤더 파일\Graphics</Filter>
    </ClInclude>
    <ClInclude Include="Graphics\ConstantBufferTypes.h">
      <Filter>헤더 파일\Graphics</Filter>
    </ClInclude>
    <ClInclude Include="Graphics\ConstantBuffer.h">
      <Filter>헤더 파일\Graphics</Filter>
    </ClInclude>
    <ClInclude Include="Graphics\ImGui\imconfig.h">
      <Filter>헤더 파일\Utils\Window\ImGui</Filter>
    </ClInclude>
    <ClInclude Include="Graphics\ImGui\imgui.h">
      <Filter>헤더 파일\Utils\Window\ImGui</Filter>
    </ClInclude>
    <ClInclude Include="Graphics\ImGui\imgui_impl_dx11.h">
      <Filter>헤더 파일\Utils\Window\ImGui</Filter>
    </ClInclude>
    <ClInclude Include="Graphics\ImGui\imgui_impl_win32.h">
      <Filter>헤더 파일\Utils\Window\ImGui</Filter>
    </ClInclude>
    <ClInclude Include="Graphics\ImGui\imgui_internal.h">
      <Filter>헤더 파일\Utils\Window\ImGui</Filter>
    </ClInclude>
    <ClInclude Include="Graphics\ImGui\imstb_rectpack.h">
      <Filter>헤더 파일\Utils\Window\ImGui</Filter>
    </ClInclude>
    <ClInclude Include="Graphics\ImGui\imstb_textedit.h">
      <Filter>헤더 파일\Utils\Window\ImGui</Filter>
    </ClInclude>
    <ClInclude Include="Graphics\ImGui\imstb_truetype.h">
      <Filter>헤더 파일\Utils\Window\ImGui</Filter>
    </ClInclude>
    <ClInclude Include="Graphics\Color.h">
      <Filter>헤더 파일\Graphics</Filter>
    </ClInclude>
    <ClInclude Include="Utils\Exception.h">
      <Filter>헤더 파일\Utils</Filter>
    </ClInclude>
    <ClInclude Include="Utils\ErrorLogger.h">
      <Filter>헤더 파일\Utils</Filter>
    </ClInclude>
    <ClInclude Include="Utils\StringHelper.h">
      <Filter>헤더 파일\Utils</Filter>
    </ClInclude>
    <ClInclude Include="Utils\Timer.h">
      <Filter>헤더 파일\Utils</Filter>
    </ClInclude>
    <ClInclude Include="Utils\SimpleMath.h">
      <Filter>헤더 파일\Utils</Filter>
    </ClInclude>
    <ClInclude Include="Graphics\Object.h">
      <Filter>헤더 파일\Objects</Filter>
    </ClInclude>
    <ClInclude Include="Graphics\Light.h">
      <Filter>헤더 파일\Objects</Filter>
    </ClInclude>
    <ClInclude Include="Graphics\Actor.h">
      <Filter>헤더 파일\Objects</Filter>
    </ClInclude>
    <ClInclude Include="Graphics\Camera.h">
      <Filter>헤더 파일\Objects</Filter>
    </ClInclude>
    <ClInclude Include="Graphics\Transform.h">
      <Filter>헤더 파일\Objects\Components</Filter>
    </ClInclude>
    <ClInclude Include="Graphics\Rigidbody.h">
      <Filter>헤더 파일\Objects\Components</Filter>
    </ClInclude>
    <ClInclude Include="Graphics\Collider.h">
      <Filter>헤더 파일\Objects\Components</Filter>
    </ClInclude>
    <ClInclude Include="Graphics\Collision.h">
      <Filter>헤더 파일\Physics</Filter>
    </ClInclude>
    <ClInclude Include="Graphics\Contact.h">
      <Filter>헤더 파일\Physics</Filter>
    </ClInclude>
    <ClInclude Include="Graphics\PhysicsManager.h">
      <Filter>헤더 파일\Physics</Filter>
    </ClInclude>
    <ClInclude Include="Graphics\Model.h">
      <Filter>헤더 파일\Objects\Components\Model</Filter>
    </ClInclude>
    <ClInclude Include="Graphics\Mesh.h">
      <Filter>헤더 파일\Objects\Components\Model</Filter>
    </ClInclude>
    <ClInclude Include="Graphics\Texture.h">
      <Filter>헤더 파일\Objects\Components\Model</Filter>
    </ClInclude>
    <ClInclude Include="Graphics\Vertex.h">
      <Filter>헤더 파일\Objects\Components\Model</Filter>
    </ClInclude>
    <ClInclude Include="Utils\WIndow\Keyboard.h">
      <Filter>헤더 파일\Utils\Window</Filter>
    </ClInclude>
    <ClInclude Include="Utils\WIndow\KeyboardEvent.h">
      <Filter>헤더 파일\Utils\Window</Filter>
    </ClInclude>
    <ClInclude Include="Utils\WIndow\Mouse.h">
      <Filter>헤더 파일\Utils\Window</Filter>
    </ClInclude>
    <ClInclude Include="Utils\WIndow\MouseEvent.h">
      <Filter>헤더 파일\Utils\Window</Filter>
    </ClInclude>
    <ClInclude Include="Utils\WIndow\Window.h">
      <Filter>헤더 파일\Utils\Window</Filter>
    </ClInclude>
    <ClInclude Include="Utils\WIndow\WindowManager.h">
      <Filter>헤더 파일\Utils\Window</Filter>
    </ClInclude>
  </ItemGroup>
  <ItemGroup>
    <FxCompile Include="vertexshader.hlsl">
      <Filter>리소스 파일</Filter>
    </FxCompile>
    <FxCompile Include="pixelshader.hlsl">
      <Filter>리소스 파일</Filter>
    </FxCompile>
    <FxCompile Include="pixelshader_nolight.hlsl">
      <Filter>리소스 파일</Filter>
    </FxCompile>
    <FxCompile Include="pixelshader_2d.hlsl">
      <Filter>리소스 파일</Filter>
    </FxCompile>
    <FxCompile Include="vertexshader_2d.hlsl">
      <Filter>리소스 파일</Filter>
    </FxCompile>
    <FxCompile Include="pixelshader_2d_discard.hlsl">
      <Filter>리소스 파일</Filter>
    </FxCompile>
  </ItemGroup>
</Project>